
Microsoft Visual Studio Solution File, Format Version 12.00
# Visual Studio Version 17
VisualStudioVersion = 17.11.35312.102
MinimumVisualStudioVersion = 10.0.40219.1
Project("{FAE04EC0-301F-11D3-BF4B-00C04F79EFBC}") = "OgrenciUygulaması", "OgrenciUygulaması\OgrenciUygulaması.csproj", "{D6F3A69B-BAFB-41FB-A966-52E0E07F5B7B}"
EndProject
Global
	GlobalSection(SolutionConfigurationPlatforms) = preSolution
		Debug|Any CPU = Debug|Any CPU
		Release|Any CPU = Release|Any CPU
	EndGlobalSection
	GlobalSection(ProjectConfigurationPlatforms) = postSolution
		{D6F3A69B-BAFB-41FB-A966-52E0E07F5B7B}.Debug|Any CPU.ActiveCfg = Debug|Any CPU
		{D6F3A69B-BAFB-41FB-A966-52E0E07F5B7B}.Debug|Any CPU.Build.0 = Debug|Any CPU
		{D6F3A69B-BAFB-41FB-A966-52E0E07F5B7B}.Release|Any CPU.ActiveCfg = Release|Any CPU
		{D6F3A69B-BAFB-41FB-A966-52E0E07F5B7B}.Release|Any CPU.Build.0 = Release|Any CPU
	EndGlobalSection
	GlobalSection(SolutionProperties) = preSolution
		HideSolutionNode = FALSE
	EndGlobalSection
	GlobalSection(ExtensibilityGlobals) = postSolution
		SolutionGuid = {D000D7AE-31D9-497C-83B6-977D6581C13A}
	EndGlobalSection
EndGlobal
